
Microsoft Visual Studio Solution File, Format Version 12.00
# Visual Studio Version 17
VisualStudioVersion = 17.3.32825.248
MinimumVisualStudioVersion = 10.0.40219.1
Project("{FAE04EC0-301F-11D3-BF4B-00C04F79EFBC}") = "Exec2_Message", "Exec2_Message\Exec2_Message.csproj", "{0030AF2E-341B-415E-9638-7683C50CCA8E}"
EndProject
Global
	GlobalSection(SolutionConfigurationPlatforms) = preSolution
		Debug|Any CPU = Debug|Any CPU
		Release|Any CPU = Release|Any CPU
	EndGlobalSection
	GlobalSection(ProjectConfigurationPlatforms) = postSolution
		{0030AF2E-341B-415E-9638-7683C50CCA8E}.Debug|Any CPU.ActiveCfg = Debug|Any CPU
		{0030AF2E-341B-415E-9638-7683C50CCA8E}.Debug|Any CPU.Build.0 = Debug|Any CPU
		{0030AF2E-341B-415E-9638-7683C50CCA8E}.Release|Any CPU.ActiveCfg = Release|Any CPU
		{0030AF2E-341B-415E-9638-7683C50CCA8E}.Release|Any CPU.Build.0 = Release|Any CPU
	EndGlobalSection
	GlobalSection(SolutionProperties) = preSolution
		HideSolutionNode = FALSE
	EndGlobalSection
	GlobalSection(ExtensibilityGlobals) = postSolution
		SolutionGuid = {87577069-901F-4882-AF4C-F777ED060AF5}
	EndGlobalSection
EndGlobal
